
Microsoft Visual Studio Solution File, Format Version 12.00
# Visual Studio Version 17
VisualStudioVersion = 17.8.34316.72
MinimumVisualStudioVersion = 10.0.40219.1
Project("{9A19103F-16F7-4668-BE54-9A1E7A4F7556}") = "ControWell.Server", "Server\ControWell.Server.csproj", "{6CC44298-56B1-477B-927C-B27743526EFE}"
EndProject
Project("{9A19103F-16F7-4668-BE54-9A1E7A4F7556}") = "ControWell.Client", "Client\ControWell.Client.csproj", "{821C9755-B26A-4652-BB96-42DE80349E96}"
EndProject
Project("{9A19103F-16F7-4668-BE54-9A1E7A4F7556}") = "ControWell.Shared", "Shared\ControWell.Shared.csproj", "{EE313E65-B766-4A16-90DC-D10F922322AF}"
EndProject
Global
	GlobalSection(SolutionConfigurationPlatforms) = preSolution
		Debug|Any CPU = Debug|Any CPU
		Release|Any CPU = Release|Any CPU
	EndGlobalSection
	GlobalSection(ProjectConfigurationPlatforms) = postSolution
		{6CC44298-56B1-477B-927C-B27743526EFE}.Debug|Any CPU.ActiveCfg = Debug|Any CPU
		{6CC44298-56B1-477B-927C-B27743526EFE}.Debug|Any CPU.Build.0 = Debug|Any CPU
		{6CC44298-56B1-477B-927C-B27743526EFE}.Release|Any CPU.ActiveCfg = Release|Any CPU
		{6CC44298-56B1-477B-927C-B27743526EFE}.Release|Any CPU.Build.0 = Release|Any CPU
		{821C9755-B26A-4652-BB96-42DE80349E96}.Debug|Any CPU.ActiveCfg = Debug|Any CPU
		{821C9755-B26A-4652-BB96-42DE80349E96}.Debug|Any CPU.Build.0 = Debug|Any CPU
		{821C9755-B26A-4652-BB96-42DE80349E96}.Release|Any CPU.ActiveCfg = Release|Any CPU
		{821C9755-B26A-4652-BB96-42DE80349E96}.Release|Any CPU.Build.0 = Release|Any CPU
		{EE313E65-B766-4A16-90DC-D10F922322AF}.Debug|Any CPU.ActiveCfg = Debug|Any CPU
		{EE313E65-B766-4A16-90DC-D10F922322AF}.Debug|Any CPU.Build.0 = Debug|Any CPU
		{EE313E65-B766-4A16-90DC-D10F922322AF}.Release|Any CPU.ActiveCfg = Release|Any CPU
		{EE313E65-B766-4A16-90DC-D10F922322AF}.Release|Any CPU.Build.0 = Release|Any CPU
	EndGlobalSection
	GlobalSection(SolutionProperties) = preSolution
		HideSolutionNode = FALSE
	EndGlobalSection
	GlobalSection(ExtensibilityGlobals) = postSolution
		SolutionGuid = {37149B7E-5495-41F8-A041-D5C8FF5307CB}
	EndGlobalSection
EndGlobal
